
Microsoft Visual Studio Solution File, Format Version 12.00
# Visual Studio Version 17
VisualStudioVersion = 17.5.33530.505
MinimumVisualStudioVersion = 10.0.40219.1
Project("{FAE04EC0-301F-11D3-BF4B-00C04F79EFBC}") = "week4-Day14", "week4-Day14\week4-Day14.csproj", "{2FDA275E-4006-40FE-920D-1F23E98E1B3E}"
EndProject
Global
	GlobalSection(SolutionConfigurationPlatforms) = preSolution
		Debug|Any CPU = Debug|Any CPU
		Release|Any CPU = Release|Any CPU
	EndGlobalSection
	GlobalSection(ProjectConfigurationPlatforms) = postSolution
		{2FDA275E-4006-40FE-920D-1F23E98E1B3E}.Debug|Any CPU.ActiveCfg = Debug|Any CPU
		{2FDA275E-4006-40FE-920D-1F23E98E1B3E}.Debug|Any CPU.Build.0 = Debug|Any CPU
		{2FDA275E-4006-40FE-920D-1F23E98E1B3E}.Release|Any CPU.ActiveCfg = Release|Any CPU
		{2FDA275E-4006-40FE-920D-1F23E98E1B3E}.Release|Any CPU.Build.0 = Release|Any CPU
	EndGlobalSection
	GlobalSection(SolutionProperties) = preSolution
		HideSolutionNode = FALSE
	EndGlobalSection
	GlobalSection(ExtensibilityGlobals) = postSolution
		SolutionGuid = {464EC2FD-DF48-452C-882F-2E51D1AE53D2}
	EndGlobalSection
EndGlobal
